
Microsoft Visual Studio Solution File, Format Version 12.00
# Visual Studio Version 16
VisualStudioVersion = 16.0.29503.13
MinimumVisualStudioVersion = 10.0.40219.1
Project("{FAE04EC0-301F-11D3-BF4B-00C04F79EFBC}") = "PacerApp.Android", "PacerApp\PacerApp.Android\PacerApp.Android.csproj", "{98890827-0F33-4747-B33A-E5AB4C9C274A}"
EndProject
Project("{FAE04EC0-301F-11D3-BF4B-00C04F79EFBC}") = "PacerApp.iOS", "PacerApp\PacerApp.iOS\PacerApp.iOS.csproj", "{9DBE0CD9-4CE3-4C43-8489-038B3B29D5EE}"
EndProject
Project("{9A19103F-16F7-4668-BE54-9A1E7A4F7556}") = "PacerApp", "PacerApp\PacerApp\PacerApp.csproj", "{3E7127F6-D149-4D3B-9953-40E073937857}"
EndProject
Global
	GlobalSection(SolutionConfigurationPlatforms) = preSolution
		Debug|Any CPU = Debug|Any CPU
		Debug|iPhone = Debug|iPhone
		Debug|iPhoneSimulator = Debug|iPhoneSimulator
		Release|Any CPU = Release|Any CPU
		Release|iPhone = Release|iPhone
		Release|iPhoneSimulator = Release|iPhoneSimulator
	EndGlobalSection
	GlobalSection(ProjectConfigurationPlatforms) = postSolution
		{98890827-0F33-4747-B33A-E5AB4C9C274A}.Debug|Any CPU.ActiveCfg = Debug|Any CPU
		{98890827-0F33-4747-B33A-E5AB4C9C274A}.Debug|Any CPU.Build.0 = Debug|Any CPU
		{98890827-0F33-4747-B33A-E5AB4C9C274A}.Debug|Any CPU.Deploy.0 = Debug|Any CPU
		{98890827-0F33-4747-B33A-E5AB4C9C274A}.Debug|iPhone.ActiveCfg = Debug|Any CPU
		{98890827-0F33-4747-B33A-E5AB4C9C274A}.Debug|iPhone.Build.0 = Debug|Any CPU
		{98890827-0F33-4747-B33A-E5AB4C9C274A}.Debug|iPhone.Deploy.0 = Debug|Any CPU
		{98890827-0F33-4747-B33A-E5AB4C9C274A}.Debug|iPhoneSimulator.ActiveCfg = Debug|Any CPU
		{98890827-0F33-4747-B33A-E5AB4C9C274A}.Debug|iPhoneSimulator.Build.0 = Debug|Any CPU
		{98890827-0F33-4747-B33A-E5AB4C9C274A}.Debug|iPhoneSimulator.Deploy.0 = Debug|Any CPU
		{98890827-0F33-4747-B33A-E5AB4C9C274A}.Release|Any CPU.ActiveCfg = Release|Any CPU
		{98890827-0F33-4747-B33A-E5AB4C9C274A}.Release|Any CPU.Build.0 = Release|Any CPU
		{98890827-0F33-4747-B33A-E5AB4C9C274A}.Release|Any CPU.Deploy.0 = Release|Any CPU
		{98890827-0F33-4747-B33A-E5AB4C9C274A}.Release|iPhone.ActiveCfg = Release|Any CPU
		{98890827-0F33-4747-B33A-E5AB4C9C274A}.Release|iPhone.Build.0 = Release|Any CPU
		{98890827-0F33-4747-B33A-E5AB4C9C274A}.Release|iPhone.Deploy.0 = Release|Any CPU
		{98890827-0F33-4747-B33A-E5AB4C9C274A}.Release|iPhoneSimulator.ActiveCfg = Release|Any CPU
		{98890827-0F33-4747-B33A-E5AB4C9C274A}.Release|iPhoneSimulator.Build.0 = Release|Any CPU
		{98890827-0F33-4747-B33A-E5AB4C9C274A}.Release|iPhoneSimulator.Deploy.0 = Release|Any CPU
		{9DBE0CD9-4CE3-4C43-8489-038B3B29D5EE}.Debug|Any CPU.ActiveCfg = Debug|iPhoneSimulator
		{9DBE0CD9-4CE3-4C43-8489-038B3B29D5EE}.Debug|Any CPU.Build.0 = Debug|iPhoneSimulator
		{9DBE0CD9-4CE3-4C43-8489-038B3B29D5EE}.Debug|Any CPU.Deploy.0 = Debug|iPhoneSimulator
		{9DBE0CD9-4CE3-4C43-8489-038B3B29D5EE}.Debug|iPhone.ActiveCfg = Debug|iPhone
		{9DBE0CD9-4CE3-4C43-8489-038B3B29D5EE}.Debug|iPhone.Build.0 = Debug|iPhone
		{9DBE0CD9-4CE3-4C43-8489-038B3B29D5EE}.Debug|iPhone.Deploy.0 = Debug|iPhone
		{9DBE0CD9-4CE3-4C43-8489-038B3B29D5EE}.Debug|iPhoneSimulator.ActiveCfg = Debug|iPhoneSimulator
		{9DBE0CD9-4CE3-4C43-8489-038B3B29D5EE}.Debug|iPhoneSimulator.Build.0 = Debug|iPhoneSimulator
		{9DBE0CD9-4CE3-4C43-8489-038B3B29D5EE}.Debug|iPhoneSimulator.Deploy.0 = Debug|iPhoneSimulator
		{9DBE0CD9-4CE3-4C43-8489-038B3B29D5EE}.Release|Any CPU.ActiveCfg = Release|iPhone
		{9DBE0CD9-4CE3-4C43-8489-038B3B29D5EE}.Release|Any CPU.Build.0 = Release|iPhone
		{9DBE0CD9-4CE3-4C43-8489-038B3B29D5EE}.Release|Any CPU.Deploy.0 = Release|iPhone
		{9DBE0CD9-4CE3-4C43-8489-038B3B29D5EE}.Release|iPhone.ActiveCfg = Release|iPhone
		{9DBE0CD9-4CE3-4C43-8489-038B3B29D5EE}.Release|iPhone.Build.0 = Release|iPhone
		{9DBE0CD9-4CE3-4C43-8489-038B3B29D5EE}.Release|iPhone.Deploy.0 = Release|iPhone
		{9DBE0CD9-4CE3-4C43-8489-038B3B29D5EE}.Release|iPhoneSimulator.ActiveCfg = Release|iPhoneSimulator
		{9DBE0CD9-4CE3-4C43-8489-038B3B29D5EE}.Release|iPhoneSimulator.Build.0 = Release|iPhoneSimulator
		{9DBE0CD9-4CE3-4C43-8489-038B3B29D5EE}.Release|iPhoneSimulator.Deploy.0 = Release|iPhoneSimulator
		{3E7127F6-D149-4D3B-9953-40E073937857}.Debug|Any CPU.ActiveCfg = Debug|Any CPU
		{3E7127F6-D149-4D3B-9953-40E073937857}.Debug|Any CPU.Build.0 = Debug|Any CPU
		{3E7127F6-D149-4D3B-9953-40E073937857}.Debug|Any CPU.Deploy.0 = Debug|Any CPU
		{3E7127F6-D149-4D3B-9953-40E073937857}.Debug|iPhone.ActiveCfg = Debug|Any CPU
		{3E7127F6-D149-4D3B-9953-40E073937857}.Debug|iPhone.Build.0 = Debug|Any CPU
		{3E7127F6-D149-4D3B-9953-40E073937857}.Debug|iPhone.Deploy.0 = Debug|Any CPU
		{3E7127F6-D149-4D3B-9953-40E073937857}.Debug|iPhoneSimulator.ActiveCfg = Debug|Any CPU
		{3E7127F6-D149-4D3B-9953-40E073937857}.Debug|iPhoneSimulator.Build.0 = Debug|Any CPU
		{3E7127F6-D149-4D3B-9953-40E073937857}.Debug|iPhoneSimulator.Deploy.0 = Debug|Any CPU
		{3E7127F6-D149-4D3B-9953-40E073937857}.Release|Any CPU.ActiveCfg = Release|Any CPU
		{3E7127F6-D149-4D3B-9953-40E073937857}.Release|Any CPU.Build.0 = Release|Any CPU
		{3E7127F6-D149-4D3B-9953-40E073937857}.Release|Any CPU.Deploy.0 = Release|Any CPU
		{3E7127F6-D149-4D3B-9953-40E073937857}.Release|iPhone.ActiveCfg = Release|Any CPU
		{3E7127F6-D149-4D3B-9953-40E073937857}.Release|iPhone.Build.0 = Release|Any CPU
		{3E7127F6-D149-4D3B-9953-40E073937857}.Release|iPhone.Deploy.0 = Release|Any CPU
		{3E7127F6-D149-4D3B-9953-40E073937857}.Release|iPhoneSimulator.ActiveCfg = Release|Any CPU
		{3E7127F6-D149-4D3B-9953-40E073937857}.Release|iPhoneSimulator.Build.0 = Release|Any CPU
		{3E7127F6-D149-4D3B-9953-40E073937857}.Release|iPhoneSimulator.Deploy.0 = Release|Any CPU
	EndGlobalSection
	GlobalSection(SolutionProperties) = preSolution
		HideSolutionNode = FALSE
	EndGlobalSection
	GlobalSection(ExtensibilityGlobals) = postSolution
		SolutionGuid = {67EB48C2-92D5-489D-8AF3-AA609C5338CE}
	EndGlobalSection
EndGlobal
